
Microsoft Visual Studio Solution File, Format Version 12.00
# Visual Studio Version 17
VisualStudioVersion = 17.5.33502.453
MinimumVisualStudioVersion = 10.0.40219.1
Project("{FAE04EC0-301F-11D3-BF4B-00C04F79EFBC}") = "iFlight", "iFlight\iFlight.csproj", "{E6CC2BD1-C6D8-4C57-9750-EDF600C86E5B}"
EndProject
Project("{FAE04EC0-301F-11D3-BF4B-00C04F79EFBC}") = "ConsoleApp2", "ConsoleApp2\ConsoleApp2.csproj", "{E8DEC876-B460-4408-9383-01BB6013A070}"
EndProject
Project("{FAE04EC0-301F-11D3-BF4B-00C04F79EFBC}") = "Web Api", "Web Api\Web Api.csproj", "{85BC5AB4-F601-4CBD-BCFA-71CDD65A73C4}"
EndProject
Global
	GlobalSection(SolutionConfigurationPlatforms) = preSolution
		Debug|Any CPU = Debug|Any CPU
		Release|Any CPU = Release|Any CPU
	EndGlobalSection
	GlobalSection(ProjectConfigurationPlatforms) = postSolution
		{E6CC2BD1-C6D8-4C57-9750-EDF600C86E5B}.Debug|Any CPU.ActiveCfg = Debug|Any CPU
		{E6CC2BD1-C6D8-4C57-9750-EDF600C86E5B}.Debug|Any CPU.Build.0 = Debug|Any CPU
		{E6CC2BD1-C6D8-4C57-9750-EDF600C86E5B}.Release|Any CPU.ActiveCfg = Release|Any CPU
		{E6CC2BD1-C6D8-4C57-9750-EDF600C86E5B}.Release|Any CPU.Build.0 = Release|Any CPU
		{E8DEC876-B460-4408-9383-01BB6013A070}.Debug|Any CPU.ActiveCfg = Debug|Any CPU
		{E8DEC876-B460-4408-9383-01BB6013A070}.Debug|Any CPU.Build.0 = Debug|Any CPU
		{E8DEC876-B460-4408-9383-01BB6013A070}.Release|Any CPU.ActiveCfg = Release|Any CPU
		{E8DEC876-B460-4408-9383-01BB6013A070}.Release|Any CPU.Build.0 = Release|Any CPU
		{85BC5AB4-F601-4CBD-BCFA-71CDD65A73C4}.Debug|Any CPU.ActiveCfg = Debug|Any CPU
		{85BC5AB4-F601-4CBD-BCFA-71CDD65A73C4}.Debug|Any CPU.Build.0 = Debug|Any CPU
		{85BC5AB4-F601-4CBD-BCFA-71CDD65A73C4}.Release|Any CPU.ActiveCfg = Release|Any CPU
		{85BC5AB4-F601-4CBD-BCFA-71CDD65A73C4}.Release|Any CPU.Build.0 = Release|Any CPU
	EndGlobalSection
	GlobalSection(SolutionProperties) = preSolution
		HideSolutionNode = FALSE
	EndGlobalSection
	GlobalSection(ExtensibilityGlobals) = postSolution
		SolutionGuid = {A144FD8E-D12E-40F2-BCF9-2485786C3D7A}
	EndGlobalSection
EndGlobal
